
Microsoft Visual Studio Solution File, Format Version 12.00
# Visual Studio Version 17
VisualStudioVersion = 17.12.35521.163
MinimumVisualStudioVersion = 10.0.40219.1
Project("{FAE04EC0-301F-11D3-BF4B-00C04F79EFBC}") = "Homework1", "Homework1\Homework1.csproj", "{495189B3-56C3-4826-A0E7-CCBA8446BD6E}"
EndProject
Project("{FAE04EC0-301F-11D3-BF4B-00C04F79EFBC}") = "ClassLibrary1", "ClassLibrary1\ClassLibrary1.csproj", "{E2D45041-ABEC-4417-953A-76A0FF513F9C}"
EndProject
Project("{FAE04EC0-301F-11D3-BF4B-00C04F79EFBC}") = "Homework2", "Homework2\Homework2.csproj", "{55FCA271-B417-409F-A657-F02B56215E67}"
EndProject
Project("{FAE04EC0-301F-11D3-BF4B-00C04F79EFBC}") = "ClassLibrary2", "ClassLibrary2\ClassLibrary2.csproj", "{A981EF10-EE4D-4E16-81E1-04C8F2AEE314}"
EndProject
Project("{FAE04EC0-301F-11D3-BF4B-00C04F79EFBC}") = "UnitTest1", "JsonHelperTests\UnitTest1.csproj", "{0B768084-A5CF-43C6-991B-5BA8532042E2}"
EndProject
Project("{FAE04EC0-301F-11D3-BF4B-00C04F79EFBC}") = "UnitTest2", "UnitTest2\UnitTest2.csproj", "{63C5A521-8472-477B-B9B1-B35A29308BCC}"
EndProject
Global
	GlobalSection(SolutionConfigurationPlatforms) = preSolution
		Debug|Any CPU = Debug|Any CPU
		Release|Any CPU = Release|Any CPU
	EndGlobalSection
	GlobalSection(ProjectConfigurationPlatforms) = postSolution
		{495189B3-56C3-4826-A0E7-CCBA8446BD6E}.Debug|Any CPU.ActiveCfg = Debug|Any CPU
		{495189B3-56C3-4826-A0E7-CCBA8446BD6E}.Debug|Any CPU.Build.0 = Debug|Any CPU
		{495189B3-56C3-4826-A0E7-CCBA8446BD6E}.Release|Any CPU.ActiveCfg = Release|Any CPU
		{495189B3-56C3-4826-A0E7-CCBA8446BD6E}.Release|Any CPU.Build.0 = Release|Any CPU
		{E2D45041-ABEC-4417-953A-76A0FF513F9C}.Debug|Any CPU.ActiveCfg = Debug|Any CPU
		{E2D45041-ABEC-4417-953A-76A0FF513F9C}.Debug|Any CPU.Build.0 = Debug|Any CPU
		{E2D45041-ABEC-4417-953A-76A0FF513F9C}.Release|Any CPU.ActiveCfg = Release|Any CPU
		{E2D45041-ABEC-4417-953A-76A0FF513F9C}.Release|Any CPU.Build.0 = Release|Any CPU
		{55FCA271-B417-409F-A657-F02B56215E67}.Debug|Any CPU.ActiveCfg = Debug|Any CPU
		{55FCA271-B417-409F-A657-F02B56215E67}.Debug|Any CPU.Build.0 = Debug|Any CPU
		{55FCA271-B417-409F-A657-F02B56215E67}.Release|Any CPU.ActiveCfg = Release|Any CPU
		{55FCA271-B417-409F-A657-F02B56215E67}.Release|Any CPU.Build.0 = Release|Any CPU
		{A981EF10-EE4D-4E16-81E1-04C8F2AEE314}.Debug|Any CPU.ActiveCfg = Debug|Any CPU
		{A981EF10-EE4D-4E16-81E1-04C8F2AEE314}.Debug|Any CPU.Build.0 = Debug|Any CPU
		{A981EF10-EE4D-4E16-81E1-04C8F2AEE314}.Release|Any CPU.ActiveCfg = Release|Any CPU
		{A981EF10-EE4D-4E16-81E1-04C8F2AEE314}.Release|Any CPU.Build.0 = Release|Any CPU
		{0B768084-A5CF-43C6-991B-5BA8532042E2}.Debug|Any CPU.ActiveCfg = Debug|Any CPU
		{0B768084-A5CF-43C6-991B-5BA8532042E2}.Debug|Any CPU.Build.0 = Debug|Any CPU
		{0B768084-A5CF-43C6-991B-5BA8532042E2}.Release|Any CPU.ActiveCfg = Release|Any CPU
		{0B768084-A5CF-43C6-991B-5BA8532042E2}.Release|Any CPU.Build.0 = Release|Any CPU
		{63C5A521-8472-477B-B9B1-B35A29308BCC}.Debug|Any CPU.ActiveCfg = Debug|Any CPU
		{63C5A521-8472-477B-B9B1-B35A29308BCC}.Debug|Any CPU.Build.0 = Debug|Any CPU
		{63C5A521-8472-477B-B9B1-B35A29308BCC}.Release|Any CPU.ActiveCfg = Release|Any CPU
		{63C5A521-8472-477B-B9B1-B35A29308BCC}.Release|Any CPU.Build.0 = Release|Any CPU
	EndGlobalSection
	GlobalSection(SolutionProperties) = preSolution
		HideSolutionNode = FALSE
	EndGlobalSection
EndGlobal
